
Microsoft Visual Studio Solution File, Format Version 12.00
# Visual Studio Version 17
VisualStudioVersion = 17.2.32526.322
MinimumVisualStudioVersion = 10.0.40219.1
Project("{9A19103F-16F7-4668-BE54-9A1E7A4F7556}") = "BTSchool.WebApp", "BTSchoolWebApp\BTSchool.WebApp.csproj", "{7AF798EE-5149-4185-B59F-516E91030702}"
EndProject
Project("{9A19103F-16F7-4668-BE54-9A1E7A4F7556}") = "BTSchool.Data", "BTSchool.Data\BTSchool.Data.csproj", "{8443B587-5A19-4BE8-A322-558FB003B981}"
EndProject
Global
	GlobalSection(SolutionConfigurationPlatforms) = preSolution
		Debug|Any CPU = Debug|Any CPU
		Release|Any CPU = Release|Any CPU
	EndGlobalSection
	GlobalSection(ProjectConfigurationPlatforms) = postSolution
		{7AF798EE-5149-4185-B59F-516E91030702}.Debug|Any CPU.ActiveCfg = Debug|Any CPU
		{7AF798EE-5149-4185-B59F-516E91030702}.Debug|Any CPU.Build.0 = Debug|Any CPU
		{7AF798EE-5149-4185-B59F-516E91030702}.Release|Any CPU.ActiveCfg = Release|Any CPU
		{7AF798EE-5149-4185-B59F-516E91030702}.Release|Any CPU.Build.0 = Release|Any CPU
		{8443B587-5A19-4BE8-A322-558FB003B981}.Debug|Any CPU.ActiveCfg = Debug|Any CPU
		{8443B587-5A19-4BE8-A322-558FB003B981}.Debug|Any CPU.Build.0 = Debug|Any CPU
		{8443B587-5A19-4BE8-A322-558FB003B981}.Release|Any CPU.ActiveCfg = Release|Any CPU
		{8443B587-5A19-4BE8-A322-558FB003B981}.Release|Any CPU.Build.0 = Release|Any CPU
	EndGlobalSection
	GlobalSection(SolutionProperties) = preSolution
		HideSolutionNode = FALSE
	EndGlobalSection
	GlobalSection(ExtensibilityGlobals) = postSolution
		SolutionGuid = {A250BB22-F03F-4F93-BC21-36FDA58B1E62}
	EndGlobalSection
EndGlobal
